
Microsoft Visual Studio Solution File, Format Version 12.00
# Visual Studio Version 17
VisualStudioVersion = 17.4.33213.308
MinimumVisualStudioVersion = 10.0.40219.1
Project("{FAE04EC0-301F-11D3-BF4B-00C04F79EFBC}") = "Hangfire_SwaggerAuth", "Hangfire_SwaggerAuth\Hangfire_SwaggerAuth.csproj", "{23C9FEA1-6B4A-4A75-8BC4-81D98C9013AD}"
EndProject
Global
	GlobalSection(SolutionConfigurationPlatforms) = preSolution
		Debug|Any CPU = Debug|Any CPU
		Release|Any CPU = Release|Any CPU
	EndGlobalSection
	GlobalSection(ProjectConfigurationPlatforms) = postSolution
		{23C9FEA1-6B4A-4A75-8BC4-81D98C9013AD}.Debug|Any CPU.ActiveCfg = Debug|Any CPU
		{23C9FEA1-6B4A-4A75-8BC4-81D98C9013AD}.Debug|Any CPU.Build.0 = Debug|Any CPU
		{23C9FEA1-6B4A-4A75-8BC4-81D98C9013AD}.Release|Any CPU.ActiveCfg = Release|Any CPU
		{23C9FEA1-6B4A-4A75-8BC4-81D98C9013AD}.Release|Any CPU.Build.0 = Release|Any CPU
	EndGlobalSection
	GlobalSection(SolutionProperties) = preSolution
		HideSolutionNode = FALSE
	EndGlobalSection
	GlobalSection(ExtensibilityGlobals) = postSolution
		SolutionGuid = {870217A7-9ACA-49A8-8538-45B687EE21B1}
	EndGlobalSection
EndGlobal
